{
    "_readme": [
        "This file locks the dependencies of your project to a known state",
        "Read more about it at https://getcomposer.org/doc/01-basic-usage.md#installing-dependencies",
        "This file is @generated automatically"
    ],
    "content-hash": "7579c4a0b7d76fc38ac16d999d675df1",
    "packages": [
        {
            "name": "cgo/cgo-frame",
            "version": "dev-main",
            "source": {
                "type": "git",
                "url": "https://github.com/cc2415/CGOFrame.git",
                "reference": "78aa47ee44ace7188d741c0d3fde221eb672fac0"
            },
            "dist": {
                "type": "zip",
                "url": "https://api.github.com/repos/cc2415/CGOFrame/zipball/78aa47ee44ace7188d741c0d3fde221eb672fac0",
                "reference": "78aa47ee44ace7188d741c0d3fde221eb672fac0",
                "shasum": ""
            },
            "default-branch": true,
            "type": "library",
            "autoload": {
                "psr-4": {
                    "cgo\\CgoFrame\\": "cgo"
                }
            },
            "notification-url": "https://packagist.org/downloads/",
            "authors": [
                {
                    "name": "cc2415",
                    "email": "137842934@qq.com"
                }
            ],
            "support": {
                "issues": "https://github.com/cc2415/CGOFrame/issues",
                "source": "https://github.com/cc2415/CGOFrame/tree/main"
            },
            "time": "2022-01-12T10:26:17+00:00"
        }
    ],
    "packages-dev": [],
    "aliases": [],
    "minimum-stability": "stable",
    "stability-flags": {
        "cgo/cgo-frame": 20
    },
    "prefer-stable": false,
    "prefer-lowest": false,
    "platform": [],
    "platform-dev": [],
    "plugin-api-version": "2.1.0"
}
